
Microsoft Visual Studio Solution File, Format Version 12.00
# Visual Studio Version 17
VisualStudioVersion = 17.13.35931.197 d17.13
MinimumVisualStudioVersion = 10.0.40219.1
Project("{8BC9CEB8-8B4A-11D0-8D11-00A0C91BC942}") = "UnitConversion", "UnitConversion\UnitConversion.vcxproj", "{C62E86B5-13C5-4D38-A6BF-A8D20BF28328}"
EndProject
Global
	GlobalSection(SolutionConfigurationPlatforms) = preSolution
		Debug|x64 = Debug|x64
		Debug|x86 = Debug|x86
		Release|x64 = Release|x64
		Release|x86 = Release|x86
	EndGlobalSection
	GlobalSection(ProjectConfigurationPlatforms) = postSolution
		{C62E86B5-13C5-4D38-A6BF-A8D20BF28328}.Debug|x64.ActiveCfg = Debug|x64
		{C62E86B5-13C5-4D38-A6BF-A8D20BF28328}.Debug|x64.Build.0 = Debug|x64
		{C62E86B5-13C5-4D38-A6BF-A8D20BF28328}.Debug|x86.ActiveCfg = Debug|Win32
		{C62E86B5-13C5-4D38-A6BF-A8D20BF28328}.Debug|x86.Build.0 = Debug|Win32
		{C62E86B5-13C5-4D38-A6BF-A8D20BF28328}.Release|x64.ActiveCfg = Release|x64
		{C62E86B5-13C5-4D38-A6BF-A8D20BF28328}.Release|x64.Build.0 = Release|x64
		{C62E86B5-13C5-4D38-A6BF-A8D20BF28328}.Release|x86.ActiveCfg = Release|Win32
		{C62E86B5-13C5-4D38-A6BF-A8D20BF28328}.Release|x86.Build.0 = Release|Win32
	EndGlobalSection
	GlobalSection(SolutionProperties) = preSolution
		HideSolutionNode = FALSE
	EndGlobalSection
	GlobalSection(ExtensibilityGlobals) = postSolution
		SolutionGuid = {D7CCA982-5290-4A04-A9C4-B6ECE547EBCD}
	EndGlobalSection
EndGlobal
